
Microsoft Visual Studio Solution File, Format Version 12.00
# Visual Studio 2013
VisualStudioVersion = 12.0.0.0
MinimumVisualStudioVersion = 10.0.0.1
Project("{8BB2217D-0F2D-49D1-97BC-3654ED321F3B}") = "GraphQL.Conventions", "src\GraphQL.Conventions\GraphQL.Conventions.xproj", "{B7E29646-2EDC-48A8-99A9-27F9348C23A2}"
EndProject
Project("{8BB2217D-0F2D-49D1-97BC-3654ED321F3B}") = "GraphQL", "deps\graphql-dotnet\src\GraphQL\GraphQL.xproj", "{1DD5E10B-2361-467A-82AC-36EFB8C61A1D}"
EndProject
Project("{8BB2217D-0F2D-49D1-97BC-3654ED321F3B}") = "GraphQL.Conventions.Tests", "test\GraphQL.Conventions.Tests\GraphQL.Conventions.Tests.xproj", "{57391C18-1983-4E0E-9366-A7EAD4061466}"
EndProject
Project("{8BB2217D-0F2D-49D1-97BC-3654ED321F3B}") = "GraphQL.Conventions.Tests.Server", "test\GraphQL.Conventions.Tests.Server\GraphQL.Conventions.Tests.Server.xproj", "{974B7945-B081-479E-94C0-9575CD3B1858}"
EndProject
Global
	GlobalSection(SolutionConfigurationPlatforms) = preSolution
		Debug|Any CPU = Debug|Any CPU
		Release|Any CPU = Release|Any CPU
	EndGlobalSection
	GlobalSection(ProjectConfigurationPlatforms) = postSolution
		{B7E29646-2EDC-48A8-99A9-27F9348C23A2}.Debug|Any CPU.ActiveCfg = Debug|Any CPU
		{B7E29646-2EDC-48A8-99A9-27F9348C23A2}.Debug|Any CPU.Build.0 = Debug|Any CPU
		{B7E29646-2EDC-48A8-99A9-27F9348C23A2}.Release|Any CPU.ActiveCfg = Release|Any CPU
		{B7E29646-2EDC-48A8-99A9-27F9348C23A2}.Release|Any CPU.Build.0 = Release|Any CPU
		{1DD5E10B-2361-467A-82AC-36EFB8C61A1D}.Debug|Any CPU.ActiveCfg = Debug|Any CPU
		{1DD5E10B-2361-467A-82AC-36EFB8C61A1D}.Debug|Any CPU.Build.0 = Debug|Any CPU
		{1DD5E10B-2361-467A-82AC-36EFB8C61A1D}.Release|Any CPU.ActiveCfg = Release|Any CPU
		{1DD5E10B-2361-467A-82AC-36EFB8C61A1D}.Release|Any CPU.Build.0 = Release|Any CPU
		{57391C18-1983-4E0E-9366-A7EAD4061466}.Debug|Any CPU.ActiveCfg = Debug|Any CPU
		{57391C18-1983-4E0E-9366-A7EAD4061466}.Debug|Any CPU.Build.0 = Debug|Any CPU
		{57391C18-1983-4E0E-9366-A7EAD4061466}.Release|Any CPU.ActiveCfg = Release|Any CPU
		{57391C18-1983-4E0E-9366-A7EAD4061466}.Release|Any CPU.Build.0 = Release|Any CPU
		{974B7945-B081-479E-94C0-9575CD3B1858}.Debug|Any CPU.ActiveCfg = Debug|Any CPU
		{974B7945-B081-479E-94C0-9575CD3B1858}.Debug|Any CPU.Build.0 = Debug|Any CPU
		{974B7945-B081-479E-94C0-9575CD3B1858}.Release|Any CPU.ActiveCfg = Release|Any CPU
		{974B7945-B081-479E-94C0-9575CD3B1858}.Release|Any CPU.Build.0 = Release|Any CPU
	EndGlobalSection
	GlobalSection(SolutionProperties) = preSolution
		HideSolutionNode = FALSE
	EndGlobalSection
EndGlobal
