
Microsoft Visual Studio Solution File, Format Version 12.00
# Visual Studio Version 16
VisualStudioVersion = 16.0.28527.54
MinimumVisualStudioVersion = 10.0.40219.1
Project("{FAE04EC0-301F-11D3-BF4B-00C04F79EFBC}") = "SubscriptionExample", "SubscriptionExample\SubscriptionExample.csproj", "{44EF1030-20A4-4D06-8E39-B0EF7863D68E}"
EndProject
Project("{9A19103F-16F7-4668-BE54-9A1E7A4F7556}") = "GraphQL.Conventions", "..\..\..\src\GraphQL.Conventions\GraphQL.Conventions.csproj", "{704D50ED-7301-4970-A00E-518AB5EA5790}"
EndProject
Global
	GlobalSection(SolutionConfigurationPlatforms) = preSolution
		Debug|Any CPU = Debug|Any CPU
		Release|Any CPU = Release|Any CPU
	EndGlobalSection
	GlobalSection(ProjectConfigurationPlatforms) = postSolution
		{44EF1030-20A4-4D06-8E39-B0EF7863D68E}.Debug|Any CPU.ActiveCfg = Debug|Any CPU
		{44EF1030-20A4-4D06-8E39-B0EF7863D68E}.Debug|Any CPU.Build.0 = Debug|Any CPU
		{44EF1030-20A4-4D06-8E39-B0EF7863D68E}.Release|Any CPU.ActiveCfg = Release|Any CPU
		{44EF1030-20A4-4D06-8E39-B0EF7863D68E}.Release|Any CPU.Build.0 = Release|Any CPU
		{704D50ED-7301-4970-A00E-518AB5EA5790}.Debug|Any CPU.ActiveCfg = Debug|Any CPU
		{704D50ED-7301-4970-A00E-518AB5EA5790}.Debug|Any CPU.Build.0 = Debug|Any CPU
		{704D50ED-7301-4970-A00E-518AB5EA5790}.Release|Any CPU.ActiveCfg = Release|Any CPU
		{704D50ED-7301-4970-A00E-518AB5EA5790}.Release|Any CPU.Build.0 = Release|Any CPU
	EndGlobalSection
	GlobalSection(SolutionProperties) = preSolution
		HideSolutionNode = FALSE
	EndGlobalSection
	GlobalSection(ExtensibilityGlobals) = postSolution
		SolutionGuid = {3A42B332-BB1D-4138-947F-BCC9D9756FAA}
	EndGlobalSection
EndGlobal
