
Microsoft Visual Studio Solution File, Format Version 12.00
# Visual Studio 15
VisualStudioVersion = 15.0.28010.2046
MinimumVisualStudioVersion = 10.0.40219.1
Project("{FAE04EC0-301F-11D3-BF4B-00C04F79EFBC}") = "DataLoaderWithEFCore", "DataLoaderWithEFCore\DataLoaderWithEFCore.csproj", "{0FF0D230-70D4-49DC-8545-0B120F534EFC}"
EndProject
Global
	GlobalSection(SolutionConfigurationPlatforms) = preSolution
		Debug|Any CPU = Debug|Any CPU
		Release|Any CPU = Release|Any CPU
	EndGlobalSection
	GlobalSection(ProjectConfigurationPlatforms) = postSolution
		{0FF0D230-70D4-49DC-8545-0B120F534EFC}.Debug|Any CPU.ActiveCfg = Debug|Any CPU
		{0FF0D230-70D4-49DC-8545-0B120F534EFC}.Debug|Any CPU.Build.0 = Debug|Any CPU
		{0FF0D230-70D4-49DC-8545-0B120F534EFC}.Release|Any CPU.ActiveCfg = Release|Any CPU
		{0FF0D230-70D4-49DC-8545-0B120F534EFC}.Release|Any CPU.Build.0 = Release|Any CPU
	EndGlobalSection
	GlobalSection(SolutionProperties) = preSolution
		HideSolutionNode = FALSE
	EndGlobalSection
	GlobalSection(ExtensibilityGlobals) = postSolution
		SolutionGuid = {11561377-1EAE-4B0F-B09C-D5F3C051F341}
	EndGlobalSection
EndGlobal
